
Microsoft Visual Studio Solution File, Format Version 12.00
# Visual Studio 15
VisualStudioVersion = 15.0.28307.329
MinimumVisualStudioVersion = 10.0.40219.1
Project("{F184B08F-C81C-45F6-A57F-5ABD9991F28F}") = "Hello_world", "Hello_world\Hello_world.vbproj", "{2687078B-6A14-4942-9521-6BFED0F7835B}"
EndProject
Global
	GlobalSection(SolutionConfigurationPlatforms) = preSolution
		Debug|Any CPU = Debug|Any CPU
		Release|Any CPU = Release|Any CPU
	EndGlobalSection
	GlobalSection(ProjectConfigurationPlatforms) = postSolution
		{2687078B-6A14-4942-9521-6BFED0F7835B}.Debug|Any CPU.ActiveCfg = Debug|Any CPU
		{2687078B-6A14-4942-9521-6BFED0F7835B}.Debug|Any CPU.Build.0 = Debug|Any CPU
		{2687078B-6A14-4942-9521-6BFED0F7835B}.Release|Any CPU.ActiveCfg = Release|Any CPU
		{2687078B-6A14-4942-9521-6BFED0F7835B}.Release|Any CPU.Build.0 = Release|Any CPU
	EndGlobalSection
	GlobalSection(SolutionProperties) = preSolution
		HideSolutionNode = FALSE
	EndGlobalSection
	GlobalSection(ExtensibilityGlobals) = postSolution
		SolutionGuid = {D83350E8-C5F1-4AE3-8D10-3114109AD2A8}
	EndGlobalSection
EndGlobal
