
Microsoft Visual Studio Solution File, Format Version 12.00
# Visual Studio 15
VisualStudioVersion = 15.0.28307.329
MinimumVisualStudioVersion = 10.0.40219.1
Project("{F184B08F-C81C-45F6-A57F-5ABD9991F28F}") = "Controls_pro", "Controls_pro\Controls_pro.vbproj", "{A6C34B3E-E0CC-4DA8-9D7A-69EBD14573B1}"
EndProject
Global
	GlobalSection(SolutionConfigurationPlatforms) = preSolution
		Debug|Any CPU = Debug|Any CPU
		Release|Any CPU = Release|Any CPU
	EndGlobalSection
	GlobalSection(ProjectConfigurationPlatforms) = postSolution
		{A6C34B3E-E0CC-4DA8-9D7A-69EBD14573B1}.Debug|Any CPU.ActiveCfg = Debug|Any CPU
		{A6C34B3E-E0CC-4DA8-9D7A-69EBD14573B1}.Debug|Any CPU.Build.0 = Debug|Any CPU
		{A6C34B3E-E0CC-4DA8-9D7A-69EBD14573B1}.Release|Any CPU.ActiveCfg = Release|Any CPU
		{A6C34B3E-E0CC-4DA8-9D7A-69EBD14573B1}.Release|Any CPU.Build.0 = Release|Any CPU
	EndGlobalSection
	GlobalSection(SolutionProperties) = preSolution
		HideSolutionNode = FALSE
	EndGlobalSection
	GlobalSection(ExtensibilityGlobals) = postSolution
		SolutionGuid = {2562AE9B-DE89-4CAA-9BBE-5C9B1FA65FCC}
	EndGlobalSection
EndGlobal
